
Microsoft Visual Studio Solution File, Format Version 12.00
# Visual Studio Version 16
VisualStudioVersion = 16.0.31624.102
MinimumVisualStudioVersion = 10.0.40219.1
Project("{FAE04EC0-301F-11D3-BF4B-00C04F79EFBC}") = "API-Template", "API-Template.csproj", "{4214D6C4-76B2-40D6-853A-C1426BF19B81}"
EndProject
Global
	GlobalSection(SolutionConfigurationPlatforms) = preSolution
		Debug|Any CPU = Debug|Any CPU
		Release|Any CPU = Release|Any CPU
	EndGlobalSection
	GlobalSection(ProjectConfigurationPlatforms) = postSolution
		{4214D6C4-76B2-40D6-853A-C1426BF19B81}.Debug|Any CPU.ActiveCfg = Debug|Any CPU
		{4214D6C4-76B2-40D6-853A-C1426BF19B81}.Debug|Any CPU.Build.0 = Debug|Any CPU
		{4214D6C4-76B2-40D6-853A-C1426BF19B81}.Release|Any CPU.ActiveCfg = Release|Any CPU
		{4214D6C4-76B2-40D6-853A-C1426BF19B81}.Release|Any CPU.Build.0 = Release|Any CPU
	EndGlobalSection
	GlobalSection(SolutionProperties) = preSolution
		HideSolutionNode = FALSE
	EndGlobalSection
	GlobalSection(ExtensibilityGlobals) = postSolution
		SolutionGuid = {D6367294-1993-4030-BC86-2234BE44B72F}
	EndGlobalSection
EndGlobal
